
Microsoft Visual Studio Solution File, Format Version 12.00
# Visual Studio 15
VisualStudioVersion = 15.0.28307.168
MinimumVisualStudioVersion = 10.0.40219.1
Project("{9A19103F-16F7-4668-BE54-9A1E7A4F7556}") = "LexLibrary.Line.NotifyBot", "src\LexLibrary.Line.NotifyBot.csproj", "{32F5CE8B-4A53-418C-A434-CE0BF74843E2}"
EndProject
Global
	GlobalSection(SolutionConfigurationPlatforms) = preSolution
		Debug|Any CPU = Debug|Any CPU
		Release|Any CPU = Release|Any CPU
	EndGlobalSection
	GlobalSection(ProjectConfigurationPlatforms) = postSolution
		{32F5CE8B-4A53-418C-A434-CE0BF74843E2}.Debug|Any CPU.ActiveCfg = Debug|Any CPU
		{32F5CE8B-4A53-418C-A434-CE0BF74843E2}.Debug|Any CPU.Build.0 = Debug|Any CPU
		{32F5CE8B-4A53-418C-A434-CE0BF74843E2}.Release|Any CPU.ActiveCfg = Release|Any CPU
		{32F5CE8B-4A53-418C-A434-CE0BF74843E2}.Release|Any CPU.Build.0 = Release|Any CPU
	EndGlobalSection
	GlobalSection(SolutionProperties) = preSolution
		HideSolutionNode = FALSE
	EndGlobalSection
	GlobalSection(ExtensibilityGlobals) = postSolution
		SolutionGuid = {924D2F8D-7648-4FEA-8D90-D7AA20405FC9}
	EndGlobalSection
EndGlobal
